
Microsoft Visual Studio Solution File, Format Version 12.00
# Visual Studio Version 17
VisualStudioVersion = 17.10.34814.14
MinimumVisualStudioVersion = 10.0.40219.1
Project("{FAE04EC0-301F-11D3-BF4B-00C04F79EFBC}") = "BlazorApp4", "BlazorApp4\BlazorApp4.csproj", "{C3B0A671-3219-40DA-9620-EB7F24AD5CBB}"
EndProject
Global
	GlobalSection(SolutionConfigurationPlatforms) = preSolution
		Debug|Any CPU = Debug|Any CPU
		Release|Any CPU = Release|Any CPU
	EndGlobalSection
	GlobalSection(ProjectConfigurationPlatforms) = postSolution
		{C3B0A671-3219-40DA-9620-EB7F24AD5CBB}.Debug|Any CPU.ActiveCfg = Debug|Any CPU
		{C3B0A671-3219-40DA-9620-EB7F24AD5CBB}.Debug|Any CPU.Build.0 = Debug|Any CPU
		{C3B0A671-3219-40DA-9620-EB7F24AD5CBB}.Release|Any CPU.ActiveCfg = Release|Any CPU
		{C3B0A671-3219-40DA-9620-EB7F24AD5CBB}.Release|Any CPU.Build.0 = Release|Any CPU
	EndGlobalSection
	GlobalSection(SolutionProperties) = preSolution
		HideSolutionNode = FALSE
	EndGlobalSection
	GlobalSection(ExtensibilityGlobals) = postSolution
		SolutionGuid = {DE30DBFD-FF3B-4C29-AEBD-E7EEE34E1EC1}
	EndGlobalSection
EndGlobal
